// !$*UTF8*$!
{
	archiveVersion = 1;
	classes = {
	};
	objectVersion = 48;
	objects = {

/* Begin PBXBuildFile section */
		8B1D5A31210C017B00C09778 /* AppDelegate.swift in Sources */ = {isa = PBXBuildFile; fileRef = 8B1D5A30210C017B00C09778 /* AppDelegate.swift */; };
		8B1D5A33210C017B00C09778 /* ViewController.swift in Sources */ = {isa = PBXBuildFile; fileRef = 8B1D5A32210C017B00C09778 /* ViewController.swift */; };
		8B1D5A36210C017B00C09778 /* Main.storyboard in Resources */ = {isa = PBXBuildFile; fileRef = 8B1D5A34210C017B00C09778 /* Main.storyboard */; };
		8B1D5A38210C017B00C09778 /* Assets.xcassets in Resources */ = {isa = PBXBuildFile; fileRef = 8B1D5A37210C017B00C09778 /* Assets.xcassets */; };
		8B1D5A3B210C017B00C09778 /* LaunchScreen.storyboard in Resources */ = {isa = PBXBuildFile; fileRef = 8B1D5A39210C017B00C09778 /* LaunchScreen.storyboard */; };
		8B1D5A46210C017B00C09778 /* WebImageColorCodeTests.swift in Sources */ = {isa = PBXBuildFile; fileRef = 8B1D5A45210C017B00C09778 /* WebImageColorCodeTests.swift */; };
		8B1D5A51210C017C00C09778 /* WebImageColorCodeUITests.swift in Sources */ = {isa = PBXBuildFile; fileRef = 8B1D5A50210C017C00C09778 /* WebImageColorCodeUITests.swift */; };
		8E95D16198C7EF9A0CABE026 /* Pods_WebImageColorCode.framework in Frameworks */ = {isa = PBXBuildFile; fileRef = 3DC6FB49D8201B51C6E50769 /* Pods_WebImageColorCode.framework */; };
/* End PBXBuildFile section */

/* Begin PBXContainerItemProxy section */
		8B1D5A42210C017B00C09778 /* PBXContainerItemProxy */ = {
			isa = PBXContainerItemProxy;
			containerPortal = 8B1D5A25210C017B00C09778 /* Project object */;
			proxyType = 1;
			remoteGlobalIDString = 8B1D5A2C210C017B00C09778;
			remoteInfo = WebImageColorCode;
		};
		8B1D5A4D210C017B00C09778 /* PBXContainerItemProxy */ = {
			isa = PBXContainerItemProxy;
			containerPortal = 8B1D5A25210C017B00C09778 /* Project object */;
			proxyType = 1;
			remoteGlobalIDString = 8B1D5A2C210C017B00C09778;
			remoteInfo = WebImageColorCode;
		};
/* End PBXContainerItemProxy section */

/* Begin PBXFileReference section */
		3DC6FB49D8201B51C6E50769 /* Pods_WebImageColorCode.framework */ = {isa = PBXFileReference; explicitFileType = wrapper.framework; includeInIndex = 0; path = Pods_WebImageColorCode.framework; sourceTree = BUILT_PRODUCTS_DIR; };
		8B1D5A2D210C017B00C09778 /* WebImageColorCode.app */ = {isa = PBXFileReference; explicitFileType = wrapper.application; includeInIndex = 0; path = WebImageColorCode.app; sourceTree = BUILT_PRODUCTS_DIR; };
		8B1D5A30210C017B00C09778 /* AppDelegate.swift */ = {isa = PBXFileReference; lastKnownFileType = sourcecode.swift; path = AppDelegate.swift; sourceTree = "<group>"; };
		8B1D5A32210C017B00C09778 /* ViewController.swift */ = {isa = PBXFileReference; lastKnownFileType = sourcecode.swift; path = ViewController.swift; sourceTree = "<group>"; };
		8B1D5A35210C017B00C09778 /* Base */ = {isa = PBXFileReference; lastKnownFileType = file.storyboard; name = Base; path = Base.lproj/Main.storyboard; sourceTree = "<group>"; };
		8B1D5A37210C017B00C09778 /* Assets.xcassets */ = {isa = PBXFileReference; lastKnownFileType = folder.assetcatalog; path = Assets.xcassets; sourceTree = "<group>"; };
		8B1D5A3A210C017B00C09778 /* Base */ = {isa = PBXFileReference; lastKnownFileType = file.storyboard; name = Base; path = Base.lproj/LaunchScreen.storyboard; sourceTree = "<group>"; };
		8B1D5A3C210C017B00C09778 /* Info.plist */ = {isa = PBXFileReference; lastKnownFileType = text.plist.xml; path = Info.plist; sourceTree = "<group>"; };
		8B1D5A41210C017B00C09778 /* WebImageColorCodeTests.xctest */ = {isa = PBXFileReference; explicitFileType = wrapper.cfbundle; includeInIndex = 0; path = WebImageColorCodeTests.xctest; sourceTree = BUILT_PRODUCTS_DIR; };
		8B1D5A45210C017B00C09778 /* WebImageColorCodeTests.swift */ = {isa = PBXFileReference; lastKnownFileType = sourcecode.swift; path = WebImageColorCodeTests.swift; sourceTree = "<group>"; };
		8B1D5A47210C017B00C09778 /* Info.plist */ = {isa = PBXFileReference; lastKnownFileType = text.plist.xml; path = Info.plist; sourceTree = "<group>"; };
		8B1D5A4C210C017B00C09778 /* WebImageColorCodeUITests.xctest */ = {isa = PBXFileReference; explicitFileType = wrapper.cfbundle; includeInIndex = 0; path = WebImageColorCodeUITests.xctest; sourceTree = BUILT_PRODUCTS_DIR; };
		8B1D5A50210C017C00C09778 /* WebImageColorCodeUITests.swift */ = {isa = PBXFileReference; lastKnownFileType = sourcecode.swift; path = WebImageColorCodeUITests.swift; sourceTree = "<group>"; };
		8B1D5A52210C017C00C09778 /* Info.plist */ = {isa = PBXFileReference; lastKnownFileType = text.plist.xml; path = Info.plist; sourceTree = "<group>"; };
		D969EF18375EF183FCDE3A1F /* Pods-WebImageColorCode.release.xcconfig */ = {isa = PBXFileReference; includeInIndex = 1; lastKnownFileType = text.xcconfig; name = "Pods-WebImageColorCode.release.xcconfig"; path = "Pods/Target Support Files/Pods-WebImageColorCode/Pods-WebImageColorCode.release.xcconfig"; sourceTree = "<group>"; };
		E636C926B53FBBAC557C18D3 /* Pods-WebImageColorCode.debug.xcconfig */ = {isa = PBXFileReference; includeInIndex = 1; lastKnownFileType = text.xcconfig; name = "Pods-WebImageColorCode.debug.xcconfig"; path = "Pods/Target Support Files/Pods-WebImageColorCode/Pods-WebImageColorCode.debug.xcconfig"; sourceTree = "<group>"; };
/* End PBXFileReference section */

/* Begin PBXFrameworksBuildPhase section */
		8B1D5A2A210C017B00C09778 /* Frameworks */ = {
			isa = PBXFrameworksBuildPhase;
			buildActionMask = 2147483647;
			files = (
				8E95D16198C7EF9A0CABE026 /* Pods_WebImageColorCode.framework in Frameworks */,
			);
			runOnlyForDeploymentPostprocessing = 0;
		};
		8B1D5A3E210C017B00C09778 /* Frameworks */ = {
			isa = PBXFrameworksBuildPhase;
			buildActionMask = 2147483647;
			files = (
			);
			runOnlyForDeploymentPostprocessing = 0;
		};
		8B1D5A49210C017B00C09778 /* Frameworks */ = {
			isa = PBXFrameworksBuildPhase;
			buildActionMask = 2147483647;
			files = (
			);
			runOnlyForDeploymentPostprocessing = 0;
		};
/* End PBXFrameworksBuildPhase section */

/* Begin PBXGroup section */
		522322E64B03BAF5F150BA9A /* Frameworks */ = {
			isa = PBXGroup;
			children = (
				3DC6FB49D8201B51C6E50769 /* Pods_WebImageColorCode.framework */,
			);
			name = Frameworks;
			sourceTree = "<group>";
		};
		8B1D5A24210C017B00C09778 = {
			isa = PBXGroup;
			children = (
				8B1D5A2F210C017B00C09778 /* WebImageColorCode */,
				8B1D5A44210C017B00C09778 /* WebImageColorCodeTests */,
				8B1D5A4F210C017C00C09778 /* WebImageColorCodeUITests */,
				8B1D5A2E210C017B00C09778 /* Products */,
				B455401B7A567FE1EDABC80D /* Pods */,
				522322E64B03BAF5F150BA9A /* Frameworks */,
			);
			sourceTree = "<group>";
		};
		8B1D5A2E210C017B00C09778 /* Products */ = {
			isa = PBXGroup;
			children = (
				8B1D5A2D210C017B00C09778 /* WebImageColorCode.app */,
				8B1D5A41210C017B00C09778 /* WebImageColorCodeTests.xctest */,
				8B1D5A4C210C017B00C09778 /* WebImageColorCodeUITests.xctest */,
			);
			name = Products;
			sourceTree = "<group>";
		};
		8B1D5A2F210C017B00C09778 /* WebImageColorCode */ = {
			isa = PBXGroup;
			children = (
				8B1D5A30210C017B00C09778 /* AppDelegate.swift */,
				8B1D5A32210C017B00C09778 /* ViewController.swift */,
				8B1D5A34210C017B00C09778 /* Main.storyboard */,
				8B1D5A37210C017B00C09778 /* Assets.xcassets */,
				8B1D5A39210C017B00C09778 /* LaunchScreen.storyboard */,
				8B1D5A3C210C017B00C09778 /* Info.plist */,
			);
			path = WebImageColorCode;
			sourceTree = "<group>";
		};
		8B1D5A44210C017B00C09778 /* WebImageColorCodeTests */ = {
			isa = PBXGroup;
			children = (
				8B1D5A45210C017B00C09778 /* WebImageColorCodeTests.swift */,
				8B1D5A47210C017B00C09778 /* Info.plist */,
			);
			path = WebImageColorCodeTests;
			sourceTree = "<group>";
		};
		8B1D5A4F210C017C00C09778 /* WebImageColorCodeUITests */ = {
			isa = PBXGroup;
			children = (
				8B1D5A50210C017C00C09778 /* WebImageColorCodeUITests.swift */,
				8B1D5A52210C017C00C09778 /* Info.plist */,
			);
			path = WebImageColorCodeUITests;
			sourceTree = "<group>";
		};
		B455401B7A567FE1EDABC80D /* Pods */ = {
			isa = PBXGroup;
			children = (
				E636C926B53FBBAC557C18D3 /* Pods-WebImageColorCode.debug.xcconfig */,
				D969EF18375EF183FCDE3A1F /* Pods-WebImageColorCode.release.xcconfig */,
			);
			name = Pods;
			sourceTree = "<group>";
		};
/* End PBXGroup section */

/* Begin PBXNativeTarget section */
		8B1D5A2C210C017B00C09778 /* WebImageColorCode */ = {
			isa = PBXNativeTarget;
			buildConfigurationList = 8B1D5A55210C017C00C09778 /* Build configuration list for PBXNativeTarget "WebImageColorCode" */;
			buildPhases = (
				14BFC6A4ABACBBD9B312120B /* [CP] Check Pods Manifest.lock */,
				8B1D5A29210C017B00C09778 /* Sources */,
				8B1D5A2A210C017B00C09778 /* Frameworks */,
				8B1D5A2B210C017B00C09778 /* Resources */,
				92A688A351AE9D06F639760F /* [CP] Embed Pods Frameworks */,
			);
			buildRules = (
			);
			dependencies = (
			);
			name = WebImageColorCode;
			productName = WebImageColorCode;
			productReference = 8B1D5A2D210C017B00C09778 /* WebImageColorCode.app */;
			productType = "com.apple.product-type.application";
		};
		8B1D5A40210C017B00C09778 /* WebImageColorCodeTests */ = {
			isa = PBXNativeTarget;
			buildConfigurationList = 8B1D5A58210C017C00C09778 /* Build configuration list for PBXNativeTarget "WebImageColorCodeTests" */;
			buildPhases = (
				8B1D5A3D210C017B00C09778 /* Sources */,
				8B1D5A3E210C017B00C09778 /* Frameworks */,
				8B1D5A3F210C017B00C09778 /* Resources */,
			);
			buildRules = (
			);
			dependencies = (
				8B1D5A43210C017B00C09778 /* PBXTargetDependency */,
			);
			name = WebImageColorCodeTests;
			productName = WebImageColorCodeTests;
			productReference = 8B1D5A41210C017B00C09778 /* WebImageColorCodeTests.xctest */;
			productType = "com.apple.product-type.bundle.unit-test";
		};
		8B1D5A4B210C017B00C09778 /* WebImageColorCodeUITests */ = {
			isa = PBXNativeTarget;
			buildConfigurationList = 8B1D5A5B210C017C00C09778 /* Build configuration list for PBXNativeTarget "WebImageColorCodeUITests" */;
			buildPhases = (
				8B1D5A48210C017B00C09778 /* Sources */,
				8B1D5A49210C017B00C09778 /* Frameworks */,
				8B1D5A4A210C017B00C09778 /* Resources */,
			);
			buildRules = (
			);
			dependencies = (
				8B1D5A4E210C017B00C09778 /* PBXTargetDependency */,
			);
			name = WebImageColorCodeUITests;
			productName = WebImageColorCodeUITests;
			productReference = 8B1D5A4C210C017B00C09778 /* WebImageColorCodeUITests.xctest */;
			productType = "com.apple.product-type.bundle.ui-testing";
		};
/* End PBXNativeTarget section */

/* Begin PBXProject section */
		8B1D5A25210C017B00C09778 /* Project object */ = {
			isa = PBXProject;
			attributes = {
				LastSwiftUpdateCheck = 0920;
				LastUpgradeCheck = 0920;
				ORGANIZATIONNAME = developer;
				TargetAttributes = {
					8B1D5A2C210C017B00C09778 = {
						CreatedOnToolsVersion = 9.2;
						ProvisioningStyle = Automatic;
					};
					8B1D5A40210C017B00C09778 = {
						CreatedOnToolsVersion = 9.2;
						ProvisioningStyle = Automatic;
						TestTargetID = 8B1D5A2C210C017B00C09778;
					};
					8B1D5A4B210C017B00C09778 = {
						CreatedOnToolsVersion = 9.2;
						ProvisioningStyle = Automatic;
						TestTargetID = 8B1D5A2C210C017B00C09778;
					};
				};
			};
			buildConfigurationList = 8B1D5A28210C017B00C09778 /* Build configuration list for PBXProject "WebImageColorCode" */;
			compatibilityVersion = "Xcode 8.0";
			developmentRegion = en;
			hasScannedForEncodings = 0;
			knownRegions = (
				en,
				Base,
			);
			mainGroup = 8B1D5A24210C017B00C09778;
			productRefGroup = 8B1D5A2E210C017B00C09778 /* Products */;
			projectDirPath = "";
			projectRoot = "";
			targets = (
				8B1D5A2C210C017B00C09778 /* WebImageColorCode */,
				8B1D5A40210C017B00C09778 /* WebImageColorCodeTests */,
				8B1D5A4B210C017B00C09778 /* WebImageColorCodeUITests */,
			);
		};
/* End PBXProject section */

/* Begin PBXResourcesBuildPhase section */
		8B1D5A2B210C017B00C09778 /* Resources */ = {
			isa = PBXResourcesBuildPhase;
			buildActionMask = 2147483647;
			files = (
				8B1D5A3B210C017B00C09778 /* LaunchScreen.storyboard in Resources */,
				8B1D5A38210C017B00C09778 /* Assets.xcassets in Resources */,
				8B1D5A36210C017B00C09778 /* Main.storyboard in Resources */,
			);
			runOnlyForDeploymentPostprocessing = 0;
		};
		8B1D5A3F210C017B00C09778 /* Resources */ = {
			isa = PBXResourcesBuildPhase;
			buildActionMask = 2147483647;
			files = (
			);
			runOnlyForDeploymentPostprocessing = 0;
		};
		8B1D5A4A210C017B00C09778 /* Resources */ = {
			isa = PBXResourcesBuildPhase;
			buildActionMask = 2147483647;
			files = (
			);
			runOnlyForDeploymentPostprocessing = 0;
		};
/* End PBXResourcesBuildPhase section */

/* Begin PBXShellScriptBuildPhase section */
		14BFC6A4ABACBBD9B312120B /* [CP] Check Pods Manifest.lock */ = {
			isa = PBXShellScriptBuildPhase;
			buildActionMask = 2147483647;
			files = (
			);
			inputPaths = (
				"${PODS_PODFILE_DIR_PATH}/Podfile.lock",
				"${PODS_ROOT}/Manifest.lock",
			);
			name = "[CP] Check Pods Manifest.lock";
			outputPaths = (
				"$(DERIVED_FILE_DIR)/Pods-WebImageColorCode-checkManifestLockResult.txt",
			);
			runOnlyForDeploymentPostprocessing = 0;
			shellPath = /bin/sh;
			shellScript = "diff \"${PODS_PODFILE_DIR_PATH}/Podfile.lock\" \"${PODS_ROOT}/Manifest.lock\" > /dev/null\nif [ $? != 0 ] ; then\n    # print error to STDERR\n    echo \"error: The sandbox is not in sync with the Podfile.lock. Run 'pod install' or update your CocoaPods installation.\" >&2\n    exit 1\nfi\n# This output is used by Xcode 'outputs' to avoid re-running this script phase.\necho \"SUCCESS\" > \"${SCRIPT_OUTPUT_FILE_0}\"\n";
			showEnvVarsInLog = 0;
		};
		92A688A351AE9D06F639760F /* [CP] Embed Pods Frameworks */ = {
			isa = PBXShellScriptBuildPhase;
			buildActionMask = 2147483647;
			files = (
			);
			inputPaths = (
				"${SRCROOT}/Pods/Target Support Files/Pods-WebImageColorCode/Pods-WebImageColorCode-frameworks.sh",
				"${BUILT_PRODUCTS_DIR}/SDWebImage/SDWebImage.framework",
				"${BUILT_PRODUCTS_DIR}/UIColor_Hex_Swift/UIColor_Hex_Swift.framework",
			);
			name = "[CP] Embed Pods Frameworks";
			outputPaths = (
				"${TARGET_BUILD_DIR}/${FRAMEWORKS_FOLDER_PATH}/SDWebImage.framework",
				"${TARGET_BUILD_DIR}/${FRAMEWORKS_FOLDER_PATH}/UIColor_Hex_Swift.framework",
			);
			runOnlyForDeploymentPostprocessing = 0;
			shellPath = /bin/sh;
			shellScript = "\"${SRCROOT}/Pods/Target Support Files/Pods-WebImageColorCode/Pods-WebImageColorCode-frameworks.sh\"\n";
			showEnvVarsInLog = 0;
		};
/* End PBXShellScriptBuildPhase section */

/* Begin PBXSourcesBuildPhase section */
		8B1D5A29210C017B00C09778 /* Sources */ = {
			isa = PBXSourcesBuildPhase;
			buildActionMask = 2147483647;
			files = (
				8B1D5A33210C017B00C09778 /* ViewController.swift in Sources */,
				8B1D5A31210C017B00C09778 /* AppDelegate.swift in Sources */,
			);
			runOnlyForDeploymentPostprocessing = 0;
		};
		8B1D5A3D210C017B00C09778 /* Sources */ = {
			isa = PBXSourcesBuildPhase;
			buildActionMask = 2147483647;
			files = (
				8B1D5A46210C017B00C09778 /* WebImageColorCodeTests.swift in Sources */,
			);
			runOnlyForDeploymentPostprocessing = 0;
		};
		8B1D5A48210C017B00C09778 /* Sources */ = {
			isa = PBXSourcesBuildPhase;
			buildActionMask = 2147483647;
			files = (
				8B1D5A51210C017C00C09778 /* WebImageColorCodeUITests.swift in Sources */,
			);
			runOnlyForDeploymentPostprocessing = 0;
		};
/* End PBXSourcesBuildPhase section */

/* Begin PBXTargetDependency section */
		8B1D5A43210C017B00C09778 /* PBXTargetDependency */ = {
			isa = PBXTargetDependency;
			target = 8B1D5A2C210C017B00C09778 /* WebImageColorCode */;
			targetProxy = 8B1D5A42210C017B00C09778 /* PBXContainerItemProxy */;
		};
		8B1D5A4E210C017B00C09778 /* PBXTargetDependency */ = {
			isa = PBXTargetDependency;
			target = 8B1D5A2C210C017B00C09778 /* WebImageColorCode */;
			targetProxy = 8B1D5A4D210C017B00C09778 /* PBXContainerItemProxy */;
		};
/* End PBXTargetDependency section */

/* Begin PBXVariantGroup section */
		8B1D5A34210C017B00C09778 /* Main.storyboard */ = {
			isa = PBXVariantGroup;
			children = (
				8B1D5A35210C017B00C09778 /* Base */,
			);
			name = Main.storyboard;
			sourceTree = "<group>";
		};
		8B1D5A39210C017B00C09778 /* LaunchScreen.storyboard */ = {
			isa = PBXVariantGroup;
			children = (
				8B1D5A3A210C017B00C09778 /* Base */,
			);
			name = LaunchScreen.storyboard;
			sourceTree = "<group>";
		};
/* End PBXVariantGroup section */

/* Begin XCBuildConfiguration section */
		8B1D5A53210C017C00C09778 /* Debug */ = {
			isa = XCBuildConfiguration;
			buildSettings = {
				ALWAYS_SEARCH_USER_PATHS = NO;
				CLANG_ANALYZER_NONNULL = YES;
				CLANG_ANALYZER_NUMBER_OBJECT_CONVERSION = YES_AGGRESSIVE;
				CLANG_CXX_LANGUAGE_STANDARD = "gnu++14";
				CLANG_CXX_LIBRARY = "libc++";
				CLANG_ENABLE_MODULES = YES;
				CLANG_ENABLE_OBJC_ARC = YES;
				CLANG_WARN_BLOCK_CAPTURE_AUTORELEASING = YES;
				CLANG_WARN_BOOL_CONVERSION = YES;
				CLANG_WARN_COMMA = YES;
				CLANG_WARN_CONSTANT_CONVERSION = YES;
				CLANG_WARN_DIRECT_OBJC_ISA_USAGE = YES_ERROR;
				CLANG_WARN_DOCUMENTATION_COMMENTS = YES;
				CLANG_WARN_EMPTY_BODY = YES;
				CLANG_WARN_ENUM_CONVERSION = YES;
				CLANG_WARN_INFINITE_RECURSION = YES;
				CLANG_WARN_INT_CONVERSION = YES;
				CLANG_WARN_NON_LITERAL_NULL_CONVERSION = YES;
				CLANG_WARN_OBJC_LITERAL_CONVERSION = YES;
				CLANG_WARN_OBJC_ROOT_CLASS = YES_ERROR;
				CLANG_WARN_RANGE_LOOP_ANALYSIS = YES;
				CLANG_WARN_STRICT_PROTOTYPES = YES;
				CLANG_WARN_SUSPICIOUS_MOVE = YES;
				CLANG_WARN_UNGUARDED_AVAILABILITY = YES_AGGRESSIVE;
				CLANG_WARN_UNREACHABLE_CODE = YES;
				CLANG_WARN__DUPLICATE_METHOD_MATCH = YES;
				CODE_SIGN_IDENTITY = "iPhone Developer";
				COPY_PHASE_STRIP = NO;
				DEBUG_INFORMATION_FORMAT = dwarf;
				ENABLE_STRICT_OBJC_MSGSEND = YES;
				ENABLE_TESTABILITY = YES;
				GCC_C_LANGUAGE_STANDARD = gnu11;
				GCC_DYNAMIC_NO_PIC = NO;
				GCC_NO_COMMON_BLOCKS = YES;
				GCC_OPTIMIZATION_LEVEL = 0;
				GCC_PREPROCESSOR_DEFINITIONS = (
					"DEBUG=1",
					"$(inherited)",
				);
				GCC_WARN_64_TO_32_BIT_CONVERSION = YES;
				GCC_WARN_ABOUT_RETURN_TYPE = YES_ERROR;
				GCC_WARN_UNDECLARED_SELECTOR = YES;
				GCC_WARN_UNINITIALIZED_AUTOS = YES_AGGRESSIVE;
				GCC_WARN_UNUSED_FUNCTION = YES;
				GCC_WARN_UNUSED_VARIABLE = YES;
				IPHONEOS_DEPLOYMENT_TARGET = 11.2;
				MTL_ENABLE_DEBUG_INFO = YES;
				ONLY_ACTIVE_ARCH = YES;
				SDKROOT = iphoneos;
				SWIFT_ACTIVE_COMPILATION_CONDITIONS = DEBUG;
				SWIFT_OPTIMIZATION_LEVEL = "-Onone";
			};
			name = Debug;
		};
		8B1D5A54210C017C00C09778 /* Release */ = {
			isa = XCBuildConfiguration;
			buildSettings = {
				ALWAYS_SEARCH_USER_PATHS = NO;
				CLANG_ANALYZER_NONNULL = YES;
				CLANG_ANALYZER_NUMBER_OBJECT_CONVERSION = YES_AGGRESSIVE;
				CLANG_CXX_LANGUAGE_STANDARD = "gnu++14";
				CLANG_CXX_LIBRARY = "libc++";
				CLANG_ENABLE_MODULES = YES;
				CLANG_ENABLE_OBJC_ARC = YES;
				CLANG_WARN_BLOCK_CAPTURE_AUTORELEASING = YES;
				CLANG_WARN_BOOL_CONVERSION = YES;
				CLANG_WARN_COMMA = YES;
				CLANG_WARN_CONSTANT_CONVERSION = YES;
				CLANG_WARN_DIRECT_OBJC_ISA_USAGE = YES_ERROR;
				CLANG_WARN_DOCUMENTATION_COMMENTS = YES;
				CLANG_WARN_EMPTY_BODY = YES;
				CLANG_WARN_ENUM_CONVERSION = YES;
				CLANG_WARN_INFINITE_RECURSION = YES;
				CLANG_WARN_INT_CONVERSION = YES;
				CLANG_WARN_NON_LITERAL_NULL_CONVERSION = YES;
				CLANG_WARN_OBJC_LITERAL_CONVERSION = YES;
				CLANG_WARN_OBJC_ROOT_CLASS = YES_ERROR;
				CLANG_WARN_RANGE_LOOP_ANALYSIS = YES;
				CLANG_WARN_STRICT_PROTOTYPES = YES;
				CLANG_WARN_SUSPICIOUS_MOVE = YES;
				CLANG_WARN_UNGUARDED_AVAILABILITY = YES_AGGRESSIVE;
				CLANG_WARN_UNREACHABLE_CODE = YES;
				CLANG_WARN__DUPLICATE_METHOD_MATCH = YES;
				CODE_SIGN_IDENTITY = "iPhone Developer";
				COPY_PHASE_STRIP = NO;
				DEBUG_INFORMATION_FORMAT = "dwarf-with-dsym";
				ENABLE_NS_ASSERTIONS = NO;
				ENABLE_STRICT_OBJC_MSGSEND = YES;
				GCC_C_LANGUAGE_STANDARD = gnu11;
				GCC_NO_COMMON_BLOCKS = YES;
				GCC_WARN_64_TO_32_BIT_CONVERSION = YES;
				GCC_WARN_ABOUT_RETURN_TYPE = YES_ERROR;
				GCC_WARN_UNDECLARED_SELECTOR = YES;
				GCC_WARN_UNINITIALIZED_AUTOS = YES_AGGRESSIVE;
				GCC_WARN_UNUSED_FUNCTION = YES;
				GCC_WARN_UNUSED_VARIABLE = YES;
				IPHONEOS_DEPLOYMENT_TARGET = 11.2;
				MTL_ENABLE_DEBUG_INFO = NO;
				SDKROOT = iphoneos;
				SWIFT_OPTIMIZATION_LEVEL = "-Owholemodule";
				VALIDATE_PRODUCT = YES;
			};
			name = Release;
		};
		8B1D5A56210C017C00C09778 /* Debug */ = {
			isa = XCBuildConfiguration;
			baseConfigurationReference = E636C926B53FBBAC557C18D3 /* Pods-WebImageColorCode.debug.xcconfig */;
			buildSettings = {
				ASSETCATALOG_COMPILER_APPICON_NAME = AppIcon;
				CODE_SIGN_STYLE = Automatic;
				DEVELOPMENT_TEAM = X368FB9G42;
				INFOPLIST_FILE = WebImageColorCode/Info.plist;
				LD_RUNPATH_SEARCH_PATHS = "$(inherited) @executable_path/Frameworks";
				PRODUCT_BUNDLE_IDENTIFIER = com.demo.NavigationCon.WebImageColorCode;
				PRODUCT_NAME = "$(TARGET_NAME)";
				SWIFT_VERSION = 4.0;
				TARGETED_DEVICE_FAMILY = "1,2";
			};
			name = Debug;
		};
		8B1D5A57210C017C00C09778 /* Release */ = {
			isa = XCBuildConfiguration;
			baseConfigurationReference = D969EF18375EF183FCDE3A1F /* Pods-WebImageColorCode.release.xcconfig */;
			buildSettings = {
				ASSETCATALOG_COMPILER_APPICON_NAME = AppIcon;
				CODE_SIGN_STYLE = Automatic;
				DEVELOPMENT_TEAM = X368FB9G42;
				INFOPLIST_FILE = WebImageColorCode/Info.plist;
				LD_RUNPATH_SEARCH_PATHS = "$(inherited) @executable_path/Frameworks";
				PRODUCT_BUNDLE_IDENTIFIER = com.demo.NavigationCon.WebImageColorCode;
				PRODUCT_NAME = "$(TARGET_NAME)";
				SWIFT_VERSION = 4.0;
				TARGETED_DEVICE_FAMILY = "1,2";
			};
			name = Release;
		};
		8B1D5A59210C017C00C09778 /* Debug */ = {
			isa = XCBuildConfiguration;
			buildSettings = {
				ALWAYS_EMBED_SWIFT_STANDARD_LIBRARIES = YES;
				BUNDLE_LOADER = "$(TEST_HOST)";
				CODE_SIGN_STYLE = Automatic;
				DEVELOPMENT_TEAM = X368FB9G42;
				INFOPLIST_FILE = WebImageColorCodeTests/Info.plist;
				LD_RUNPATH_SEARCH_PATHS = "$(inherited) @executable_path/Frameworks @loader_path/Frameworks";
				PRODUCT_BUNDLE_IDENTIFIER = com.demo.NavigationCon.WebImageColorCodeTests;
				PRODUCT_NAME = "$(TARGET_NAME)";
				SWIFT_VERSION = 4.0;
				TARGETED_DEVICE_FAMILY = "1,2";
				TEST_HOST = "$(BUILT_PRODUCTS_DIR)/WebImageColorCode.app/WebImageColorCode";
			};
			name = Debug;
		};
		8B1D5A5A210C017C00C09778 /* Release */ = {
			isa = XCBuildConfiguration;
			buildSettings = {
				ALWAYS_EMBED_SWIFT_STANDARD_LIBRARIES = YES;
				BUNDLE_LOADER = "$(TEST_HOST)";
				CODE_SIGN_STYLE = Automatic;
				DEVELOPMENT_TEAM = X368FB9G42;
				INFOPLIST_FILE = WebImageColorCodeTests/Info.plist;
				LD_RUNPATH_SEARCH_PATHS = "$(inherited) @executable_path/Frameworks @loader_path/Frameworks";
				PRODUCT_BUNDLE_IDENTIFIER = com.demo.NavigationCon.WebImageColorCodeTests;
				PRODUCT_NAME = "$(TARGET_NAME)";
				SWIFT_VERSION = 4.0;
				TARGETED_DEVICE_FAMILY = "1,2";
				TEST_HOST = "$(BUILT_PRODUCTS_DIR)/WebImageColorCode.app/WebImageColorCode";
			};
			name = Release;
		};
		8B1D5A5C210C017C00C09778 /* Debug */ = {
			isa = XCBuildConfiguration;
			buildSettings = {
				ALWAYS_EMBED_SWIFT_STANDARD_LIBRARIES = YES;
				CODE_SIGN_STYLE = Automatic;
				DEVELOPMENT_TEAM = X368FB9G42;
				INFOPLIST_FILE = WebImageColorCodeUITests/Info.plist;
				LD_RUNPATH_SEARCH_PATHS = "$(inherited) @executable_path/Frameworks @loader_path/Frameworks";
				PRODUCT_BUNDLE_IDENTIFIER = com.demo.NavigationCon.WebImageColorCodeUITests;
				PRODUCT_NAME = "$(TARGET_NAME)";
				SWIFT_VERSION = 4.0;
				TARGETED_DEVICE_FAMILY = "1,2";
				TEST_TARGET_NAME = WebImageColorCode;
			};
			name = Debug;
		};
		8B1D5A5D210C017C00C09778 /* Release */ = {
			isa = XCBuildConfiguration;
			buildSettings = {
				ALWAYS_EMBED_SWIFT_STANDARD_LIBRARIES = YES;
				CODE_SIGN_STYLE = Automatic;
				DEVELOPMENT_TEAM = X368FB9G42;
				INFOPLIST_FILE = WebImageColorCodeUITests/Info.plist;
				LD_RUNPATH_SEARCH_PATHS = "$(inherited) @executable_path/Frameworks @loader_path/Frameworks";
				PRODUCT_BUNDLE_IDENTIFIER = com.demo.NavigationCon.WebImageColorCodeUITests;
				PRODUCT_NAME = "$(TARGET_NAME)";
				SWIFT_VERSION = 4.0;
				TARGETED_DEVICE_FAMILY = "1,2";
				TEST_TARGET_NAME = WebImageColorCode;
			};
			name = Release;
		};
/* End XCBuildConfiguration section */

/* Begin XCConfigurationList section */
		8B1D5A28210C017B00C09778 /* Build configuration list for PBXProject "WebImageColorCode" */ = {
			isa = XCConfigurationList;
			buildConfigurations = (
				8B1D5A53210C017C00C09778 /* Debug */,
				8B1D5A54210C017C00C09778 /* Release */,
			);
			defaultConfigurationIsVisible = 0;
			defaultConfigurationName = Release;
		};
		8B1D5A55210C017C00C09778 /* Build configuration list for PBXNativeTarget "WebImageColorCode" */ = {
			isa = XCConfigurationList;
			buildConfigurations = (
				8B1D5A56210C017C00C09778 /* Debug */,
				8B1D5A57210C017C00C09778 /* Release */,
			);
			defaultConfigurationIsVisible = 0;
			defaultConfigurationName = Release;
		};
		8B1D5A58210C017C00C09778 /* Build configuration list for PBXNativeTarget "WebImageColorCodeTests" */ = {
			isa = XCConfigurationList;
			buildConfigurations = (
				8B1D5A59210C017C00C09778 /* Debug */,
				8B1D5A5A210C017C00C09778 /* Release */,
			);
			defaultConfigurationIsVisible = 0;
			defaultConfigurationName = Release;
		};
		8B1D5A5B210C017C00C09778 /* Build configuration list for PBXNativeTarget "WebImageColorCodeUITests" */ = {
			isa = XCConfigurationList;
			buildConfigurations = (
				8B1D5A5C210C017C00C09778 /* Debug */,
				8B1D5A5D210C017C00C09778 /* Release */,
			);
			defaultConfigurationIsVisible = 0;
			defaultConfigurationName = Release;
		};
/* End XCConfigurationList section */
	};
	rootObject = 8B1D5A25210C017B00C09778 /* Project object */;
}
